<?xml version="1.0" encoding="utf-8"?>
<Project ToolsVersion="4.0" xmlns="http://schemas.microsoft.com/developer/msbuild/2003">
  <ItemGroup>
    <Filter Include="Config">
      <UniqueIdentifier>{5B583FAC-47FA-6982-30B5-7DD61CF6F0D2}</UniqueIdentifier>
    </Filter>
    <Filter Include="Startup">
      <UniqueIdentifier>{F881930E-6461-12AA-6D79-9D80D9D7780B}</UniqueIdentifier>
    </Filter>
    <Filter Include="Tools">
      <UniqueIdentifier>{16CF2D0E-82E3-55BF-4B65-F91EB73852F0}</UniqueIdentifier>
    </Filter>
  </ItemGroup>
  <ItemGroup>
    <ClInclude Include="..\Main\Config\ConfigVariables.h">
      <Filter>Config</Filter>
    </ClInclude>
    <ClInclude Include="..\Main\Startup\SetupDockspace.h">
      <Filter>Startup</Filter>
    </ClInclude>
    <ClInclude Include="..\Main\Startup\SetupImGuiGL.h">
      <Filter>Startup</Filter>
    </ClInclude>
    <ClInclude Include="..\Main\Tools\Helpers.h">
      <Filter>Tools</Filter>
    </ClInclude>
  </ItemGroup>
  <ItemGroup>
    <ClCompile Include="..\Main\Startup\SetupImGuiGL.cpp">
      <Filter>Startup</Filter>
    </ClCompile>
    <ClCompile Include="..\Main\Tools\Helpers.cpp">
      <Filter>Tools</Filter>
    </ClCompile>
    <ClCompile Include="..\Main\WinMain.cpp" />
  </ItemGroup>
</Project>